
Microsoft Visual Studio Solution File, Format Version 12.00
# Visual Studio Version 17
VisualStudioVersion = 17.0.31903.59
MinimumVisualStudioVersion = 10.0.40219.1
Project("{FAE04EC0-301F-11D3-BF4B-00C04F79EFBC}") = "AltreoPrintAgent", "src/AltreoPrintAgent/AltreoPrintAgent.csproj", "{D508A3ED-5C18-4634-A44E-D6BD32447448}"
EndProject
Project("{FAE04EC0-301F-11D3-BF4B-00C04F79EFBC}") = "AltreoPrintAgent.Tests", "tests/AltreoPrintAgent.Tests/AltreoPrintAgent.Tests.csproj", "{CC325F32-B6CE-4766-8240-EBC020A486C1}"
EndProject
Global
	GlobalSection(SolutionConfigurationPlatforms) = preSolution
		Debug|Any CPU = Debug|Any CPU
		Release|Any CPU = Release|Any CPU
	EndGlobalSection
	GlobalSection(ProjectConfigurationPlatforms) = postSolution
		{D508A3ED-5C18-4634-A44E-D6BD32447448}.Debug|Any CPU.ActiveCfg = Debug|Any CPU
		{D508A3ED-5C18-4634-A44E-D6BD32447448}.Debug|Any CPU.Build.0 = Debug|Any CPU
		{D508A3ED-5C18-4634-A44E-D6BD32447448}.Release|Any CPU.ActiveCfg = Release|Any CPU
		{D508A3ED-5C18-4634-A44E-D6BD32447448}.Release|Any CPU.Build.0 = Release|Any CPU
		{CC325F32-B6CE-4766-8240-EBC020A486C1}.Debug|Any CPU.ActiveCfg = Debug|Any CPU
		{CC325F32-B6CE-4766-8240-EBC020A486C1}.Debug|Any CPU.Build.0 = Debug|Any CPU
		{CC325F32-B6CE-4766-8240-EBC020A486C1}.Release|Any CPU.ActiveCfg = Release|Any CPU
		{CC325F32-B6CE-4766-8240-EBC020A486C1}.Release|Any CPU.Build.0 = Release|Any CPU
	EndGlobalSection
EndGlobal
